Microsoft Visual Studio Solution File, Format Version 12.00
# Visual Studio Version 17
VisualStudioVersion = 17.5.2.0
MinimumVisualStudioVersion = 10.0.40219.1
Project("{FAE04EC0-301F-11D3-BF4B-00C04F79EFBC}") = "ClimaOS_Desktop", "ClimaOS_Desktop.csproj", "{2FE0CDD2-4854-E12A-7265-0F2AB484DBBA}"
EndProject
Global
	GlobalSection(SolutionConfigurationPlatforms) = preSolution
		Debug|Any CPU = Debug|Any CPU
		Release|Any CPU = Release|Any CPU
	EndGlobalSection
	GlobalSection(ProjectConfigurationPlatforms) = postSolution
		{2FE0CDD2-4854-E12A-7265-0F2AB484DBBA}.Debug|Any CPU.ActiveCfg = Debug|Any CPU
		{2FE0CDD2-4854-E12A-7265-0F2AB484DBBA}.Debug|Any CPU.Build.0 = Debug|Any CPU
		{2FE0CDD2-4854-E12A-7265-0F2AB484DBBA}.Release|Any CPU.ActiveCfg = Release|Any CPU
		{2FE0CDD2-4854-E12A-7265-0F2AB484DBBA}.Release|Any CPU.Build.0 = Release|Any CPU
	EndGlobalSection
	GlobalSection(SolutionProperties) = preSolution
		HideSolutionNode = FALSE
	EndGlobalSection
	GlobalSection(ExtensibilityGlobals) = postSolution
		SolutionGuid = {41710E1A-A572-4E1C-B78B-8D635CDEB9CD}
	EndGlobalSection
EndGlobal
